{
  "name": "insight-agent-harness-workspace",
  "version": "0.0.0",
  "lockfileVersion": 3,
  "requires": true,
  "packages": {
    "": {
      "name": "insight-agent-harness-workspace",
      "version": "0.0.0",
      "workspaces": [
        "packages/contracts",
        "packages/governance",
        "packages/observability",
        "packages/lakebase",
        "packages/export-core",
        "packages/slack-boundary"
      ]
    },
    "node_modules/@insight-agent-harness/contracts": {
      "resolved": "packages/contracts",
      "link": true
    },
    "node_modules/@insight-agent-harness/export-core": {
      "resolved": "packages/export-core",
      "link": true
    },
    "node_modules/@insight-agent-harness/governance": {
      "resolved": "packages/governance",
      "link": true
    },
    "node_modules/@insight-agent-harness/lakebase": {
      "resolved": "packages/lakebase",
      "link": true
    },
    "node_modules/@insight-agent-harness/observability": {
      "resolved": "packages/observability",
      "link": true
    },
    "node_modules/@insight-agent-harness/slack-boundary": {
      "resolved": "packages/slack-boundary",
      "link": true
    },
    "packages/contracts": {
      "name": "@insight-agent-harness/contracts",
      "version": "0.1.0"
    },
    "packages/export-core": {
      "name": "@insight-agent-harness/export-core",
      "version": "0.2.0",
      "dependencies": {
        "@insight-agent-harness/contracts": "file:../contracts"
      }
    },
    "packages/governance": {
      "name": "@insight-agent-harness/governance",
      "version": "0.1.0"
    },
    "packages/lakebase": {
      "name": "@insight-agent-harness/lakebase",
      "version": "0.1.0"
    },
    "packages/observability": {
      "name": "@insight-agent-harness/observability",
      "version": "0.1.0",
      "dependencies": {
        "@insight-agent-harness/contracts": "file:../contracts",
        "@insight-agent-harness/governance": "file:../governance"
      }
    },
    "packages/slack-boundary": {
      "name": "@insight-agent-harness/slack-boundary",
      "version": "0.1.0",
      "dependencies": {
        "@insight-agent-harness/export-core": "file:../export-core",
        "@insight-agent-harness/observability": "file:../observability"
      }
    }
  }
}
